{
  "lock_version": 1,
  "runtime": {
    "id": "openstrata-cy2026-windows-x86_64-py313-usd",
    "platform": "cy2026",
    "profile": "usd",
    "variant": {
      "os": "windows",
      "arch": "x86_64",
      "abi": {
        "msvc": {
          "toolset": "143"
        }
      },
      "python": "313"
    },
    "digest": "sha256:3873e4ebf4514962fbefb21e702cec9779e3562d2298034b156773d93e9b3001"
  },
  "python": {
    "version": "3.13.x",
    "abi": "cpython-313-x86_64-windows-msvc",
    "manager": "uv"
  },
  "extensions": [
    {
      "id": "openusd",
      "version": "26.08",
      "features": [
        "core"
      ]
    }
  ],
  "validation": "passed"
}
